lockfileVersion: '9.0'

settings:
  autoInstallPeers: true
  excludeLinksFromLockfile: false

catalogs:
  default:
    react:
      specifier: 19.1.0
      version: 19.1.0
    react-dom:
      specifier: 19.1.0
      version: 19.1.0

importers:

  .:
    devDependencies:
      typescript:
        specifier: 5.9.2
        version: 5.9.2

  apps/mobile:
    dependencies:
      '@fixture/native':
        specifier: workspace:*
        version: link:pkg/native
      '@fixture/utils':
        specifier: workspace:*
        version: link:../../packages/utils
      react:
        specifier: 'catalog:'
        version: 19.1.0

  apps/mobile/pkg/native:
    dependencies:
      react:
        specifier: 'catalog:'
        version: 19.1.0

  apps/web:
    dependencies:
      '@fixture/ui':
        specifier: workspace:*
        version: link:../../packages/ui
      react:
        specifier: 'catalog:'
        version: 19.1.0
      react-dom:
        specifier: 'catalog:'
        version: 19.1.0(react@19.1.0)

  packages/tooling:
    dependencies:
      '@fixture/utils':
        specifier: workspace:*
        version: link:../utils

  packages/ui:
    dependencies:
      '@fixture/tooling':
        specifier: workspace:*
        version: link:../tooling
      react:
        specifier: 'catalog:'
        version: 19.1.0

  packages/utils:
    dependencies:
      debug:
        specifier: 4.4.0
        version: 4.4.0
      lodash-es:
        specifier: 4.17.21
        version: 4.17.21

packages:

  debug@4.4.0:
    resolution: {integrity: sha512-6WTZ/IxCY/T6BALoZHaE4ctp9xm+Z5kY/pzYaCHRFeyVhojxlrm+46y68HA6hr0TcwEssoxNiDEUJQjfPZ/RYA==}
    engines: {node: '>=6.0'}
    peerDependencies:
      supports-color: '*'
    peerDependenciesMeta:
      supports-color:
        optional: true

  lodash-es@4.17.21:
    resolution: {integrity: sha512-mKnC+QJ9pWVzv+C4/U3rRsHapFfHvQFoFB92e52xeyGMcX6/OlIl78je1u8vePzYZSkkogMPJ2yjxxsb89cxyw==}

  ms@2.1.3:
    resolution: {integrity: sha512-6FlzubTLZG3J2a/NVCAleEhjzq5oxgHyaCU9yYXvcLsvoVaHJq/s5xXI6/XXP6tz7R9xAOtHnSO/tXtF3WRTlA==}

  react-dom@19.1.0:
    resolution: {integrity: sha512-Xs1hdnE+DyKgeHJeJznQmYMIBG3TKIHJJT95Q58nHLSrElKlGQqDTR2HQ9fx5CN/Gk6Vh/kupBTDLU11/nDk/g==}
    peerDependencies:
      react: ^19.1.0

  react@19.1.0:
    resolution: {integrity: sha512-FS+XFBNvn3GTAWq26joslQgWNoFu08F4kl0J4CgdNKADkdSGXQyTCnKteIAJy96Br6YbpEU1LSzV5dYtjMkMDg==}
    engines: {node: '>=0.10.0'}

  scheduler@0.26.0:
    resolution: {integrity: sha512-NlHwttCI/l5gCPR3D1nNXtWABUmBwvZpEQiD4IXSbIDq8BzLIK/7Ir5gTFSGZDUu37K5cMNp0hFtzO38sC7gWA==}

  typescript@5.9.2:
    resolution: {integrity: sha512-CWBzXQrc/qOkhidw1OzBTQuYRbfyxDXJMVJ1XNwUHGROVmuaeiEm3OslpZ1RV96d7SKKjZKrSJu3+t/xlw3R9A==}
    engines: {node: '>=14.17'}
    hasBin: true

snapshots:

  debug@4.4.0:
    dependencies:
      ms: 2.1.3

  lodash-es@4.17.21: {}

  ms@2.1.3: {}

  react-dom@19.1.0(react@19.1.0):
    dependencies:
      react: 19.1.0
      scheduler: 0.26.0

  react@19.1.0: {}

  scheduler@0.26.0: {}

  typescript@5.9.2: {}
